
Microsoft Visual Studio Solution File, Format Version 12.00
# Visual Studio Version 17
VisualStudioVersion = 17.11.35222.181
MinimumVisualStudioVersion = 10.0.40219.1
Project("{FAE04EC0-301F-11D3-BF4B-00C04F79EFBC}") = "czyszczenie listy", "czyszczenie listy.csproj", "{30F883F9-B66B-49A0-8298-1867D26F4A0E}"
EndProject
Global
	GlobalSection(SolutionConfigurationPlatforms) = preSolution
		Debug|Any CPU = Debug|Any CPU
		Release|Any CPU = Release|Any CPU
	EndGlobalSection
	GlobalSection(ProjectConfigurationPlatforms) = postSolution
		{30F883F9-B66B-49A0-8298-1867D26F4A0E}.Debug|Any CPU.ActiveCfg = Debug|Any CPU
		{30F883F9-B66B-49A0-8298-1867D26F4A0E}.Debug|Any CPU.Build.0 = Debug|Any CPU
		{30F883F9-B66B-49A0-8298-1867D26F4A0E}.Release|Any CPU.ActiveCfg = Release|Any CPU
		{30F883F9-B66B-49A0-8298-1867D26F4A0E}.Release|Any CPU.Build.0 = Release|Any CPU
	EndGlobalSection
	GlobalSection(SolutionProperties) = preSolution
		HideSolutionNode = FALSE
	EndGlobalSection
	GlobalSection(ExtensibilityGlobals) = postSolution
		SolutionGuid = {E865F09B-E52A-403A-AFC9-925F13FD5AB2}
	EndGlobalSection
EndGlobal
