
Microsoft Visual Studio Solution File, Format Version 12.00
# Visual Studio Version 17
VisualStudioVersion = 17.11.35222.181
MinimumVisualStudioVersion = 10.0.40219.1
Project("{FAE04EC0-301F-11D3-BF4B-00C04F79EFBC}") = "podwajanie i rzutowanie", "podwajanie i rzutowanie.csproj", "{C81FCDC5-7FD9-4487-BF76-1B00C8E40B26}"
EndProject
Global
	GlobalSection(SolutionConfigurationPlatforms) = preSolution
		Debug|Any CPU = Debug|Any CPU
		Release|Any CPU = Release|Any CPU
	EndGlobalSection
	GlobalSection(ProjectConfigurationPlatforms) = postSolution
		{C81FCDC5-7FD9-4487-BF76-1B00C8E40B26}.Debug|Any CPU.ActiveCfg = Debug|Any CPU
		{C81FCDC5-7FD9-4487-BF76-1B00C8E40B26}.Debug|Any CPU.Build.0 = Debug|Any CPU
		{C81FCDC5-7FD9-4487-BF76-1B00C8E40B26}.Release|Any CPU.ActiveCfg = Release|Any CPU
		{C81FCDC5-7FD9-4487-BF76-1B00C8E40B26}.Release|Any CPU.Build.0 = Release|Any CPU
	EndGlobalSection
	GlobalSection(SolutionProperties) = preSolution
		HideSolutionNode = FALSE
	EndGlobalSection
	GlobalSection(ExtensibilityGlobals) = postSolution
		SolutionGuid = {AA7B8791-D859-4A98-A632-F3FA23A2BABA}
	EndGlobalSection
EndGlobal
