
Microsoft Visual Studio Solution File, Format Version 12.00
# Visual Studio Version 17
VisualStudioVersion = 17.11.35222.181
MinimumVisualStudioVersion = 10.0.40219.1
Project("{FAE04EC0-301F-11D3-BF4B-00C04F79EFBC}") = "ConsoleApp1", "ConsoleApp1.csproj", "{054AC4AF-85EF-4748-86BC-28C54382261A}"
EndProject
Global
	GlobalSection(SolutionConfigurationPlatforms) = preSolution
		Debug|Any CPU = Debug|Any CPU
		Release|Any CPU = Release|Any CPU
	EndGlobalSection
	GlobalSection(ProjectConfigurationPlatforms) = postSolution
		{054AC4AF-85EF-4748-86BC-28C54382261A}.Debug|Any CPU.ActiveCfg = Debug|Any CPU
		{054AC4AF-85EF-4748-86BC-28C54382261A}.Debug|Any CPU.Build.0 = Debug|Any CPU
		{054AC4AF-85EF-4748-86BC-28C54382261A}.Release|Any CPU.ActiveCfg = Release|Any CPU
		{054AC4AF-85EF-4748-86BC-28C54382261A}.Release|Any CPU.Build.0 = Release|Any CPU
	EndGlobalSection
	GlobalSection(SolutionProperties) = preSolution
		HideSolutionNode = FALSE
	EndGlobalSection
	GlobalSection(ExtensibilityGlobals) = postSolution
		SolutionGuid = {313AF323-5784-4707-BF1E-CAE09A90B918}
	EndGlobalSection
EndGlobal
